<?xml version="1.0" encoding="utf-8"?>
<Project ToolsVersion="4.0" xmlns="http://schemas.microsoft.com/developer/msbuild/2003">
  <ItemGroup>
    <Filter Include="소스 파일">
      <UniqueIdentifier>{4FC737F1-C7A5-4376-A066-2A32D752A2FF}</UniqueIdentifier>
      <Extensions>cpp;c;cc;cxx;def;odl;idl;hpj;bat;asm;asmx</Extensions>
    </Filter>
    <Filter Include="헤더 파일">
      <UniqueIdentifier>{93995380-89BD-4b04-88EB-625FBE52EBFB}</UniqueIdentifier>
      <Extensions>h;hh;hpp;hxx;hm;inl;inc;ipp;xsd</Extensions>
    </Filter>
    <Filter Include="리소스 파일">
      <UniqueIdentifier>{67DA6AB6-F800-4c08-8B7A-83BB121AAD01}</UniqueIdentifier>
      <Extensions>rc;ico;cur;bmp;dlg;rc2;rct;bin;rgs;gif;jpg;jpeg;jpe;resx;tiff;tif;png;wav;mfcribbon-ms</Extensions>
    </Filter>
  </ItemGroup>
  <ItemGroup>
    <ClCompile Include="session.cpp">
      <Filter>소스 파일</Filter>
    </ClCompile>
    <ClCompile Include="member.cpp">
      <Filter>소스 파일</Filter>
    </ClCompile>
    <ClCompile Include="main.cpp">
      <Filter>소스 파일</Filter>
    </ClCompile>
    <ClCompile Include="buyer.cpp">
      <Filter>소스 파일</Filter>
    </ClCompile>
    <ClCompile Include="seller.cpp">
      <Filter>소스 파일</Filter>
    </ClCompile>
    <ClCompile Include="ticket.cpp">
      <Filter>소스 파일</Filter>
    </ClCompile>
    <ClCompile Include="time.cpp">
      <Filter>소스 파일</Filter>
    </ClCompile>
    <ClCompile Include="AuctionTicket.cpp">
      <Filter>소스 파일</Filter>
    </ClCompile>
    <ClCompile Include="SearchRegisteredTicket.cpp">
      <Filter>소스 파일</Filter>
    </ClCompile>
    <ClCompile Include="SearchRegisteredTicketUI.cpp">
      <Filter>소스 파일</Filter>
    </ClCompile>
    <ClCompile Include="RegisterTicket.cpp">
      <Filter>소스 파일</Filter>
    </ClCompile>
    <ClCompile Include="RegisterTicketUI.cpp">
      <Filter>소스 파일</Filter>
    </ClCompile>
    <ClCompile Include="AddMember.cpp">
      <Filter>소스 파일</Filter>
    </ClCompile>
    <ClCompile Include="AddMemberUI.cpp">
      <Filter>소스 파일</Filter>
    </ClCompile>
    <ClCompile Include="ticketLister.cpp">
      <Filter>소스 파일</Filter>
    </ClCompile>
    <ClCompile Include="memberLister.cpp">
      <Filter>소스 파일</Filter>
    </ClCompile>
    <ClCompile Include="BidForTicket.cpp">
      <Filter>소스 파일</Filter>
    </ClCompile>
    <ClCompile Include="BidForTicketUI.cpp">
      <Filter>소스 파일</Filter>
    </ClCompile>
    <ClCompile Include="SearchAuctionTicket.cpp">
      <Filter>소스 파일</Filter>
    </ClCompile>
    <ClCompile Include="SearchAuctionTicketUI.cpp">
      <Filter>소스 파일</Filter>
    </ClCompile>
    <ClCompile Include="SearchTicket.cpp">
      <Filter>소스 파일</Filter>
    </ClCompile>
    <ClCompile Include="SearchTicketUI.cpp">
      <Filter>소스 파일</Filter>
    </ClCompile>
    <ClCompile Include="ReserveTicket.cpp">
      <Filter>소스 파일</Filter>
    </ClCompile>
    <ClCompile Include="ReserveTicketUI.cpp">
      <Filter>소스 파일</Filter>
    </ClCompile>
    <ClCompile Include="ChangeUserSession.cpp">
      <Filter>소스 파일</Filter>
    </ClCompile>
    <ClCompile Include="ChangeGuestSession.cpp">
      <Filter>소스 파일</Filter>
    </ClCompile>
    <ClCompile Include="ChangeGuestSessionUI.cpp">
      <Filter>소스 파일</Filter>
    </ClCompile>
    <ClCompile Include="ChangeUserSessionUI.cpp">
      <Filter>소스 파일</Filter>
    </ClCompile>
    <ClCompile Include="Login.cpp">
      <Filter>소스 파일</Filter>
    </ClCompile>
    <ClCompile Include="LoginUI.cpp">
      <Filter>소스 파일</Filter>
    </ClCompile>
    <ClCompile Include="Logout.cpp">
      <Filter>소스 파일</Filter>
    </ClCompile>
    <ClCompile Include="LogoutUI.cpp">
      <Filter>소스 파일</Filter>
    </ClCompile>
    <ClCompile Include="WithdrawMember.cpp">
      <Filter>소스 파일</Filter>
    </ClCompile>
    <ClCompile Include="WithdrawMemberUI.cpp">
      <Filter>소스 파일</Filter>
    </ClCompile>
    <ClCompile Include="ManageBuyersTicket.cpp">
      <Filter>소스 파일</Filter>
    </ClCompile>
    <ClCompile Include="ManageBuyersTicketUI.cpp">
      <Filter>소스 파일</Filter>
    </ClCompile>
  </ItemGroup>
  <ItemGroup>
    <ClInclude Include="member.h">
      <Filter>헤더 파일</Filter>
    </ClInclude>
    <ClInclude Include="seller.h">
      <Filter>헤더 파일</Filter>
    </ClInclude>
    <ClInclude Include="buyer.h">
      <Filter>헤더 파일</Filter>
    </ClInclude>
    <ClInclude Include="session.h">
      <Filter>헤더 파일</Filter>
    </ClInclude>
    <ClInclude Include="ticket.h">
      <Filter>헤더 파일</Filter>
    </ClInclude>
    <ClInclude Include="time.h">
      <Filter>헤더 파일</Filter>
    </ClInclude>
    <ClInclude Include="AuctionTicket.h">
      <Filter>헤더 파일</Filter>
    </ClInclude>
    <ClInclude Include="SearchRegisteredTicket.h">
      <Filter>헤더 파일</Filter>
    </ClInclude>
    <ClInclude Include="SearchRegisteredTicketUI.h">
      <Filter>헤더 파일</Filter>
    </ClInclude>
    <ClInclude Include="RegisterTicket.h">
      <Filter>헤더 파일</Filter>
    </ClInclude>
    <ClInclude Include="RegisterTicketUI.h">
      <Filter>헤더 파일</Filter>
    </ClInclude>
    <ClInclude Include="AddMember.h">
      <Filter>헤더 파일</Filter>
    </ClInclude>
    <ClInclude Include="AddMemberUI.h">
      <Filter>헤더 파일</Filter>
    </ClInclude>
    <ClInclude Include="ticketLister.h">
      <Filter>헤더 파일</Filter>
    </ClInclude>
    <ClInclude Include="memberLister.h">
      <Filter>헤더 파일</Filter>
    </ClInclude>
    <ClInclude Include="BidForTicket.h">
      <Filter>헤더 파일</Filter>
    </ClInclude>
    <ClInclude Include="BidForTicketUI.h">
      <Filter>헤더 파일</Filter>
    </ClInclude>
    <ClInclude Include="SearchAuctionTicket.h">
      <Filter>헤더 파일</Filter>
    </ClInclude>
    <ClInclude Include="SearchAuctionTicketUI.h">
      <Filter>헤더 파일</Filter>
    </ClInclude>
    <ClInclude Include="SearchTicket.h">
      <Filter>헤더 파일</Filter>
    </ClInclude>
    <ClInclude Include="SearchTicketUI.h">
      <Filter>헤더 파일</Filter>
    </ClInclude>
    <ClInclude Include="ReserveTicket.h">
      <Filter>헤더 파일</Filter>
    </ClInclude>
    <ClInclude Include="ReserveTicketUI.h">
      <Filter>헤더 파일</Filter>
    </ClInclude>
    <ClInclude Include="ChangeUserSession.h">
      <Filter>헤더 파일</Filter>
    </ClInclude>
    <ClInclude Include="ChangeGuestSession.h">
      <Filter>헤더 파일</Filter>
    </ClInclude>
    <ClInclude Include="ChangeGuestSessionUI.h">
      <Filter>헤더 파일</Filter>
    </ClInclude>
    <ClInclude Include="ChangeUserSessionUI.h">
      <Filter>헤더 파일</Filter>
    </ClInclude>
    <ClInclude Include="Login.h">
      <Filter>헤더 파일</Filter>
    </ClInclude>
    <ClInclude Include="LoginUI.h">
      <Filter>헤더 파일</Filter>
    </ClInclude>
    <ClInclude Include="WithdrawMember.h">
      <Filter>헤더 파일</Filter>
    </ClInclude>
    <ClInclude Include="WithdrawMemberUI.h">
      <Filter>헤더 파일</Filter>
    </ClInclude>
    <ClInclude Include="Logout.h">
      <Filter>헤더 파일</Filter>
    </ClInclude>
    <ClInclude Include="LogoutUI.h">
      <Filter>헤더 파일</Filter>
    </ClInclude>
    <ClInclude Include="ManageBuyersTicket.h">
      <Filter>헤더 파일</Filter>
    </ClInclude>
    <ClInclude Include="ManageBuyersTicketUI.h">
      <Filter>헤더 파일</Filter>
    </ClInclude>
  </ItemGroup>
</Project>